
Microsoft Visual Studio Solution File, Format Version 12.00
# Visual Studio Version 16
VisualStudioVersion = 16.0.33130.400
MinimumVisualStudioVersion = 10.0.40219.1
Project("{FAE04EC0-301F-11D3-BF4B-00C04F79EFBC}") = "War", "War.csproj", "{4A4EEC45-A81C-4123-9549-5AF2E3D028AA}"
EndProject
Global
	GlobalSection(SolutionConfigurationPlatforms) = preSolution
		Debug|Any CPU = Debug|Any CPU
		Release|Any CPU = Release|Any CPU
	EndGlobalSection
	GlobalSection(ProjectConfigurationPlatforms) = postSolution
		{4A4EEC45-A81C-4123-9549-5AF2E3D028AA}.Debug|Any CPU.ActiveCfg = Debug|Any CPU
		{4A4EEC45-A81C-4123-9549-5AF2E3D028AA}.Debug|Any CPU.Build.0 = Debug|Any CPU
		{4A4EEC45-A81C-4123-9549-5AF2E3D028AA}.Release|Any CPU.ActiveCfg = Release|Any CPU
		{4A4EEC45-A81C-4123-9549-5AF2E3D028AA}.Release|Any CPU.Build.0 = Release|Any CPU
	EndGlobalSection
	GlobalSection(SolutionProperties) = preSolution
		HideSolutionNode = FALSE
	EndGlobalSection
	GlobalSection(ExtensibilityGlobals) = postSolution
		SolutionGuid = {4F11B4A3-630C-4F4E-A60A-9E41D4598C64}
	EndGlobalSection
EndGlobal
